// !$*UTF8*$!
{
	archiveVersion = 1;
	classes = {
	};
	objectVersion = 56;
	objects = {

/* Begin PBXBuildFile section */
		F91B27CA29FE8DF900CFBA0A /* MyCoachApp.swift in Sources */ = {isa = PBXBuildFile; fileRef = F91B27C929FE8DF900CFBA0A /* MyCoachApp.swift */; };
		F91B27CC29FE8DF900CFBA0A /* ContentView.swift in Sources */ = {isa = PBXBuildFile; fileRef = F91B27CB29FE8DF900CFBA0A /* ContentView.swift */; };
		F91B27CE29FE8DFB00CFBA0A /* Assets.xcassets in Resources */ = {isa = PBXBuildFile; fileRef = F91B27CD29FE8DFB00CFBA0A /* Assets.xcassets */; };
		F91B27D129FE8DFB00CFBA0A /* Preview Assets.xcassets in Resources */ = {isa = PBXBuildFile; fileRef = F91B27D029FE8DFB00CFBA0A /* Preview Assets.xcassets */; };
		F91B27D929FE8E4E00CFBA0A /* TrainingModel.swift in Sources */ = {isa = PBXBuildFile; fileRef = F91B27D829FE8E4E00CFBA0A /* TrainingModel.swift */; };
		F91B27DB29FEAFE800CFBA0A /* TrainingCardModel.swift in Sources */ = {isa = PBXBuildFile; fileRef = F91B27DA29FEAFE800CFBA0A /* TrainingCardModel.swift */; };
		F91B27DD29FEB02E00CFBA0A /* RepetitionModel.swift in Sources */ = {isa = PBXBuildFile; fileRef = F91B27DC29FEB02E00CFBA0A /* RepetitionModel.swift */; };
		F91B27DF29FEB04500CFBA0A /* FoodModel.swift in Sources */ = {isa = PBXBuildFile; fileRef = F91B27DE29FEB04500CFBA0A /* FoodModel.swift */; };
/* End PBXBuildFile section */

/* Begin PBXFileReference section */
		F91B27C629FE8DF900CFBA0A /* MyCoach.app */ = {isa = PBXFileReference; explicitFileType = wrapper.application; includeInIndex = 0; path = MyCoach.app; sourceTree = BUILT_PRODUCTS_DIR; };
		F91B27C929FE8DF900CFBA0A /* MyCoachApp.swift */ = {isa = PBXFileReference; lastKnownFileType = sourcecode.swift; path = MyCoachApp.swift; sourceTree = "<group>"; };
		F91B27CB29FE8DF900CFBA0A /* ContentView.swift */ = {isa = PBXFileReference; lastKnownFileType = sourcecode.swift; path = ContentView.swift; sourceTree = "<group>"; };
		F91B27CD29FE8DFB00CFBA0A /* Assets.xcassets */ = {isa = PBXFileReference; lastKnownFileType = folder.assetcatalog; path = Assets.xcassets; sourceTree = "<group>"; };
		F91B27D029FE8DFB00CFBA0A /* Preview Assets.xcassets */ = {isa = PBXFileReference; lastKnownFileType = folder.assetcatalog; path = "Preview Assets.xcassets"; sourceTree = "<group>"; };
		F91B27D829FE8E4E00CFBA0A /* TrainingModel.swift */ = {isa = PBXFileReference; lastKnownFileType = sourcecode.swift; path = TrainingModel.swift; sourceTree = "<group>"; };
		F91B27DA29FEAFE800CFBA0A /* TrainingCardModel.swift */ = {isa = PBXFileReference; lastKnownFileType = sourcecode.swift; path = TrainingCardModel.swift; sourceTree = "<group>"; };
		F91B27DC29FEB02E00CFBA0A /* RepetitionModel.swift */ = {isa = PBXFileReference; lastKnownFileType = sourcecode.swift; path = RepetitionModel.swift; sourceTree = "<group>"; };
		F91B27DE29FEB04500CFBA0A /* FoodModel.swift */ = {isa = PBXFileReference; lastKnownFileType = sourcecode.swift; path = FoodModel.swift; sourceTree = "<group>"; };
/* End PBXFileReference section */

/* Begin PBXFrameworksBuildPhase section */
		F91B27C329FE8DF900CFBA0A /* Frameworks */ = {
			isa = PBXFrameworksBuildPhase;
			buildActionMask = 2147483647;
			files = (
			);
			runOnlyForDeploymentPostprocessing = 0;
		};
/* End PBXFrameworksBuildPhase section */

/* Begin PBXGroup section */
		F91B27BD29FE8DF900CFBA0A = {
			isa = PBXGroup;
			children = (
				F91B27C829FE8DF900CFBA0A /* MyCoach */,
				F91B27C729FE8DF900CFBA0A /* Products */,
			);
			sourceTree = "<group>";
		};
		F91B27C729FE8DF900CFBA0A /* Products */ = {
			isa = PBXGroup;
			children = (
				F91B27C629FE8DF900CFBA0A /* MyCoach.app */,
			);
			name = Products;
			sourceTree = "<group>";
		};
		F91B27C829FE8DF900CFBA0A /* MyCoach */ = {
			isa = PBXGroup;
			children = (
				F91B27D729FE8E1B00CFBA0A /* Model */,
				F91B27C929FE8DF900CFBA0A /* MyCoachApp.swift */,
				F91B27CB29FE8DF900CFBA0A /* ContentView.swift */,
				F91B27CD29FE8DFB00CFBA0A /* Assets.xcassets */,
				F91B27CF29FE8DFB00CFBA0A /* Preview Content */,
			);
			path = MyCoach;
			sourceTree = "<group>";
		};
		F91B27CF29FE8DFB00CFBA0A /* Preview Content */ = {
			isa = PBXGroup;
			children = (
				F91B27D029FE8DFB00CFBA0A /* Preview Assets.xcassets */,
			);
			path = "Preview Content";
			sourceTree = "<group>";
		};
		F91B27D729FE8E1B00CFBA0A /* Model */ = {
			isa = PBXGroup;
			children = (
				F91B27D829FE8E4E00CFBA0A /* TrainingModel.swift */,
				F91B27DA29FEAFE800CFBA0A /* TrainingCardModel.swift */,
				F91B27DC29FEB02E00CFBA0A /* RepetitionModel.swift */,
				F91B27DE29FEB04500CFBA0A /* FoodModel.swift */,
			);
			path = Model;
			sourceTree = "<group>";
		};
/* End PBXGroup section */

/* Begin PBXNativeTarget section */
		F91B27C529FE8DF900CFBA0A /* MyCoach */ = {
			isa = PBXNativeTarget;
			buildConfigurationList = F91B27D429FE8DFB00CFBA0A /* Build configuration list for PBXNativeTarget "MyCoach" */;
			buildPhases = (
				F91B27C229FE8DF900CFBA0A /* Sources */,
				F91B27C329FE8DF900CFBA0A /* Frameworks */,
				F91B27C429FE8DF900CFBA0A /* Resources */,
			);
			buildRules = (
			);
			dependencies = (
			);
			name = MyCoach;
			productName = MyCoach;
			productReference = F91B27C629FE8DF900CFBA0A /* MyCoach.app */;
			productType = "com.apple.product-type.application";
		};
/* End PBXNativeTarget section */

/* Begin PBXProject section */
		F91B27BE29FE8DF900CFBA0A /* Project object */ = {
			isa = PBXProject;
			attributes = {
				BuildIndependentTargetsInParallel = 1;
				LastSwiftUpdateCheck = 1430;
				LastUpgradeCheck = 1430;
				TargetAttributes = {
					F91B27C529FE8DF900CFBA0A = {
						CreatedOnToolsVersion = 14.3;
					};
				};
			};
			buildConfigurationList = F91B27C129FE8DF900CFBA0A /* Build configuration list for PBXProject "MyCoach" */;
			compatibilityVersion = "Xcode 14.0";
			developmentRegion = en;
			hasScannedForEncodings = 0;
			knownRegions = (
				en,
				Base,
			);
			mainGroup = F91B27BD29FE8DF900CFBA0A;
			productRefGroup = F91B27C729FE8DF900CFBA0A /* Products */;
			projectDirPath = "";
			projectRoot = "";
			targets = (
				F91B27C529FE8DF900CFBA0A /* MyCoach */,
			);
		};
/* End PBXProject section */

/* Begin PBXResourcesBuildPhase section */
		F91B27C429FE8DF900CFBA0A /* Resources */ = {
			isa = PBXResourcesBuildPhase;
			buildActionMask = 2147483647;
			files = (
				F91B27D129FE8DFB00CFBA0A /* Preview Assets.xcassets in Resources */,
				F91B27CE29FE8DFB00CFBA0A /* Assets.xcassets in Resources */,
			);
			runOnlyForDeploymentPostprocessing = 0;
		};
/* End PBXResourcesBuildPhase section */

/* Begin PBXSourcesBuildPhase section */
		F91B27C229FE8DF900CFBA0A /* Sources */ = {
			isa = PBXSourcesBuildPhase;
			buildActionMask = 2147483647;
			files = (
				F91B27CC29FE8DF900CFBA0A /* ContentView.swift in Sources */,
				F91B27DD29FEB02E00CFBA0A /* RepetitionModel.swift in Sources */,
				F91B27DB29FEAFE800CFBA0A /* TrainingCardModel.swift in Sources */,
				F91B27DF29FEB04500CFBA0A /* FoodModel.swift in Sources */,
				F91B27D929FE8E4E00CFBA0A /* TrainingModel.swift in Sources */,
				F91B27CA29FE8DF900CFBA0A /* MyCoachApp.swift in Sources */,
			);
			runOnlyForDeploymentPostprocessing = 0;
		};
/* End PBXSourcesBuildPhase section */

/* Begin XCBuildConfiguration section */
		F91B27D229FE8DFB00CFBA0A /* Debug */ = {
			isa = XCBuildConfiguration;
			buildSettings = {
				ALWAYS_SEARCH_USER_PATHS = NO;
				CLANG_ANALYZER_NONNULL = YES;
				CLANG_ANALYZER_NUMBER_OBJECT_CONVERSION = YES_AGGRESSIVE;
				CLANG_CXX_LANGUAGE_STANDARD = "gnu++20";
				CLANG_ENABLE_MODULES = YES;
				CLANG_ENABLE_OBJC_ARC = YES;
				CLANG_ENABLE_OBJC_WEAK = YES;
				CLANG_WARN_BLOCK_CAPTURE_AUTORELEASING = YES;
				CLANG_WARN_BOOL_CONVERSION = YES;
				CLANG_WARN_COMMA = YES;
				CLANG_WARN_CONSTANT_CONVERSION = YES;
				CLANG_WARN_DEPRECATED_OBJC_IMPLEMENTATIONS = YES;
				CLANG_WARN_DIRECT_OBJC_ISA_USAGE = YES_ERROR;
				CLANG_WARN_DOCUMENTATION_COMMENTS = YES;
				CLANG_WARN_EMPTY_BODY = YES;
				CLANG_WARN_ENUM_CONVERSION = YES;
				CLANG_WARN_INFINITE_RECURSION = YES;
				CLANG_WARN_INT_CONVERSION = YES;
				CLANG_WARN_NON_LITERAL_NULL_CONVERSION = YES;
				CLANG_WARN_OBJC_IMPLICIT_RETAIN_SELF = YES;
				CLANG_WARN_OBJC_LITERAL_CONVERSION = YES;
				CLANG_WARN_OBJC_ROOT_CLASS = YES_ERROR;
				CLANG_WARN_QUOTED_INCLUDE_IN_FRAMEWORK_HEADER = YES;
				CLANG_WARN_RANGE_LOOP_ANALYSIS = YES;
				CLANG_WARN_STRICT_PROTOTYPES = YES;
				CLANG_WARN_SUSPICIOUS_MOVE = YES;
				CLANG_WARN_UNGUARDED_AVAILABILITY = YES_AGGRESSIVE;
				CLANG_WARN_UNREACHABLE_CODE = YES;
				CLANG_WARN__DUPLICATE_METHOD_MATCH = YES;
				COPY_PHASE_STRIP = NO;
				DEBUG_INFORMATION_FORMAT = dwarf;
				ENABLE_STRICT_OBJC_MSGSEND = YES;
				ENABLE_TESTABILITY = YES;
				GCC_C_LANGUAGE_STANDARD = gnu11;
				GCC_DYNAMIC_NO_PIC = NO;
				GCC_NO_COMMON_BLOCKS = YES;
				GCC_OPTIMIZATION_LEVEL = 0;
				GCC_PREPROCESSOR_DEFINITIONS = (
					"DEBUG=1",
					"$(inherited)",
				);
				GCC_WARN_64_TO_32_BIT_CONVERSION = YES;
				GCC_WARN_ABOUT_RETURN_TYPE = YES_ERROR;
				GCC_WARN_UNDECLARED_SELECTOR = YES;
				GCC_WARN_UNINITIALIZED_AUTOS = YES_AGGRESSIVE;
				GCC_WARN_UNUSED_FUNCTION = YES;
				GCC_WARN_UNUSED_VARIABLE = YES;
				IPHONEOS_DEPLOYMENT_TARGET = 16.4;
				MTL_ENABLE_DEBUG_INFO = INCLUDE_SOURCE;
				MTL_FAST_MATH = YES;
				ONLY_ACTIVE_ARCH = YES;
				SDKROOT = iphoneos;
				SWIFT_ACTIVE_COMPILATION_CONDITIONS = DEBUG;
				SWIFT_OPTIMIZATION_LEVEL = "-Onone";
			};
			name = Debug;
		};
		F91B27D329FE8DFB00CFBA0A /* Release */ = {
			isa = XCBuildConfiguration;
			buildSettings = {
				ALWAYS_SEARCH_USER_PATHS = NO;
				CLANG_ANALYZER_NONNULL = YES;
				CLANG_ANALYZER_NUMBER_OBJECT_CONVERSION = YES_AGGRESSIVE;
				CLANG_CXX_LANGUAGE_STANDARD = "gnu++20";
				CLANG_ENABLE_MODULES = YES;
				CLANG_ENABLE_OBJC_ARC = YES;
				CLANG_ENABLE_OBJC_WEAK = YES;
				CLANG_WARN_BLOCK_CAPTURE_AUTORELEASING = YES;
				CLANG_WARN_BOOL_CONVERSION = YES;
				CLANG_WARN_COMMA = YES;
				CLANG_WARN_CONSTANT_CONVERSION = YES;
				CLANG_WARN_DEPRECATED_OBJC_IMPLEMENTATIONS = YES;
				CLANG_WARN_DIRECT_OBJC_ISA_USAGE = YES_ERROR;
				CLANG_WARN_DOCUMENTATION_COMMENTS = YES;
				CLANG_WARN_EMPTY_BODY = YES;
				CLANG_WARN_ENUM_CONVERSION = YES;
				CLANG_WARN_INFINITE_RECURSION = YES;
				CLANG_WARN_INT_CONVERSION = YES;
				CLANG_WARN_NON_LITERAL_NULL_CONVERSION = YES;
				CLANG_WARN_OBJC_IMPLICIT_RETAIN_SELF = YES;
				CLANG_WARN_OBJC_LITERAL_CONVERSION = YES;
				CLANG_WARN_OBJC_ROOT_CLASS = YES_ERROR;
				CLANG_WARN_QUOTED_INCLUDE_IN_FRAMEWORK_HEADER = YES;
				CLANG_WARN_RANGE_LOOP_ANALYSIS = YES;
				CLANG_WARN_STRICT_PROTOTYPES = YES;
				CLANG_WARN_SUSPICIOUS_MOVE = YES;
				CLANG_WARN_UNGUARDED_AVAILABILITY = YES_AGGRESSIVE;
				CLANG_WARN_UNREACHABLE_CODE = YES;
				CLANG_WARN__DUPLICATE_METHOD_MATCH = YES;
				COPY_PHASE_STRIP = NO;
				DEBUG_INFORMATION_FORMAT = "dwarf-with-dsym";
				ENABLE_NS_ASSERTIONS = NO;
				ENABLE_STRICT_OBJC_MSGSEND = YES;
				GCC_C_LANGUAGE_STANDARD = gnu11;
				GCC_NO_COMMON_BLOCKS = YES;
				GCC_WARN_64_TO_32_BIT_CONVERSION = YES;
				GCC_WARN_ABOUT_RETURN_TYPE = YES_ERROR;
				GCC_WARN_UNDECLARED_SELECTOR = YES;
				GCC_WARN_UNINITIALIZED_AUTOS = YES_AGGRESSIVE;
				GCC_WARN_UNUSED_FUNCTION = YES;
				GCC_WARN_UNUSED_VARIABLE = YES;
				IPHONEOS_DEPLOYMENT_TARGET = 16.4;
				MTL_ENABLE_DEBUG_INFO = NO;
				MTL_FAST_MATH = YES;
				SDKROOT = iphoneos;
				SWIFT_COMPILATION_MODE = wholemodule;
				SWIFT_OPTIMIZATION_LEVEL = "-O";
				VALIDATE_PRODUCT = YES;
			};
			name = Release;
		};
		F91B27D529FE8DFB00CFBA0A /* Debug */ = {
			isa = XCBuildConfiguration;
			buildSettings = {
				ASSETCATALOG_COMPILER_APPICON_NAME = AppIcon;
				ASSETCATALOG_COMPILER_GLOBAL_ACCENT_COLOR_NAME = AccentColor;
				CODE_SIGN_STYLE = Automatic;
				CURRENT_PROJECT_VERSION = 1;
				DEVELOPMENT_ASSET_PATHS = "\"MyCoach/Preview Content\"";
				DEVELOPMENT_TEAM = 2DMW5G3LV8;
				ENABLE_PREVIEWS = YES;
				GENERATE_INFOPLIST_FILE = YES;
				INFOPLIST_KEY_UIApplicationSceneManifest_Generation = YES;
				INFOPLIST_KEY_UIApplicationSupportsIndirectInputEvents = YES;
				INFOPLIST_KEY_UILaunchScreen_Generation = YES;
				INFOPLIST_KEY_UISupportedInterfaceOrientations_iPad = "UIInterfaceOrientationPortrait UIInterfaceOrientationPortraitUpsideDown UIInterfaceOrientationLandscapeLeft UIInterfaceOrientationLandscapeRight";
				INFOPLIST_KEY_UISupportedInterfaceOrientations_iPhone = "UIInterfaceOrientationPortrait UIInterfaceOrientationLandscapeLeft UIInterfaceOrientationLandscapeRight";
				LD_RUNPATH_SEARCH_PATHS = (
					"$(inherited)",
					"@executable_path/Frameworks",
				);
				MARKETING_VERSION = 1.0;
				PRODUCT_BUNDLE_IDENTIFIER = com.spritelab.MyCoach;
				PRODUCT_NAME = "$(TARGET_NAME)";
				SWIFT_EMIT_LOC_STRINGS = YES;
				SWIFT_VERSION = 5.0;
				TARGETED_DEVICE_FAMILY = "1,2";
			};
			name = Debug;
		};
		F91B27D629FE8DFB00CFBA0A /* Release */ = {
			isa = XCBuildConfiguration;
			buildSettings = {
				ASSETCATALOG_COMPILER_APPICON_NAME = AppIcon;
				ASSETCATALOG_COMPILER_GLOBAL_ACCENT_COLOR_NAME = AccentColor;
				CODE_SIGN_STYLE = Automatic;
				CURRENT_PROJECT_VERSION = 1;
				DEVELOPMENT_ASSET_PATHS = "\"MyCoach/Preview Content\"";
				DEVELOPMENT_TEAM = 2DMW5G3LV8;
				ENABLE_PREVIEWS = YES;
				GENERATE_INFOPLIST_FILE = YES;
				INFOPLIST_KEY_UIApplicationSceneManifest_Generation = YES;
				INFOPLIST_KEY_UIApplicationSupportsIndirectInputEvents = YES;
				INFOPLIST_KEY_UILaunchScreen_Generation = YES;
				INFOPLIST_KEY_UISupportedInterfaceOrientations_iPad = "UIInterfaceOrientationPortrait UIInterfaceOrientationPortraitUpsideDown UIInterfaceOrientationLandscapeLeft UIInterfaceOrientationLandscapeRight";
				INFOPLIST_KEY_UISupportedInterfaceOrientations_iPhone = "UIInterfaceOrientationPortrait UIInterfaceOrientationLandscapeLeft UIInterfaceOrientationLandscapeRight";
				LD_RUNPATH_SEARCH_PATHS = (
					"$(inherited)",
					"@executable_path/Frameworks",
				);
				MARKETING_VERSION = 1.0;
				PRODUCT_BUNDLE_IDENTIFIER = com.spritelab.MyCoach;
				PRODUCT_NAME = "$(TARGET_NAME)";
				SWIFT_EMIT_LOC_STRINGS = YES;
				SWIFT_VERSION = 5.0;
				TARGETED_DEVICE_FAMILY = "1,2";
			};
			name = Release;
		};
/* End XCBuildConfiguration section */

/* Begin XCConfigurationList section */
		F91B27C129FE8DF900CFBA0A /* Build configuration list for PBXProject "MyCoach" */ = {
			isa = XCConfigurationList;
			buildConfigurations = (
				F91B27D229FE8DFB00CFBA0A /* Debug */,
				F91B27D329FE8DFB00CFBA0A /* Release */,
			);
			defaultConfigurationIsVisible = 0;
			defaultConfigurationName = Release;
		};
		F91B27D429FE8DFB00CFBA0A /* Build configuration list for PBXNativeTarget "MyCoach" */ = {
			isa = XCConfigurationList;
			buildConfigurations = (
				F91B27D529FE8DFB00CFBA0A /* Debug */,
				F91B27D629FE8DFB00CFBA0A /* Release */,
			);
			defaultConfigurationIsVisible = 0;
			defaultConfigurationName = Release;
		};
/* End XCConfigurationList section */
	};
	rootObject = F91B27BE29FE8DF900CFBA0A /* Project object */;
}
