// !$*UTF8*$!
{
	archiveVersion = 1;
	classes = {
	};
	objectVersion = 56;
	objects = {

/* Begin PBXBuildFile section */
		F91B27CA29FE8DF900CFBA0A /* MyCoachApp.swift in Sources */ = {isa = PBXBuildFile; fileRef = F91B27C929FE8DF900CFBA0A /* MyCoachApp.swift */; };
		F91B27CC29FE8DF900CFBA0A /* UploadDataView.swift in Sources */ = {isa = PBXBuildFile; fileRef = F91B27CB29FE8DF900CFBA0A /* UploadDataView.swift */; };
		F91B27CE29FE8DFB00CFBA0A /* Assets.xcassets in Resources */ = {isa = PBXBuildFile; fileRef = F91B27CD29FE8DFB00CFBA0A /* Assets.xcassets */; };
		F91B27D129FE8DFB00CFBA0A /* Preview Assets.xcassets in Resources */ = {isa = PBXBuildFile; fileRef = F91B27D029FE8DFB00CFBA0A /* Preview Assets.xcassets */; };
		F91B27D929FE8E4E00CFBA0A /* TrainingModel.swift in Sources */ = {isa = PBXBuildFile; fileRef = F91B27D829FE8E4E00CFBA0A /* TrainingModel.swift */; };
		F91B27DB29FEAFE800CFBA0A /* TrainingCardModel.swift in Sources */ = {isa = PBXBuildFile; fileRef = F91B27DA29FEAFE800CFBA0A /* TrainingCardModel.swift */; };
		F91B27DD29FEB02E00CFBA0A /* RepetitionModel.swift in Sources */ = {isa = PBXBuildFile; fileRef = F91B27DC29FEB02E00CFBA0A /* RepetitionModel.swift */; };
		F91B27DF29FEB04500CFBA0A /* FoodModel.swift in Sources */ = {isa = PBXBuildFile; fileRef = F91B27DE29FEB04500CFBA0A /* FoodModel.swift */; };
		F91B27E329FEB0E600CFBA0A /* MyCoachDataModel.xcdatamodeld in Sources */ = {isa = PBXBuildFile; fileRef = F91B27E129FEB0E600CFBA0A /* MyCoachDataModel.xcdatamodeld */; };
		F91B27E829FEB30400CFBA0A /* TrainingDataController.swift in Sources */ = {isa = PBXBuildFile; fileRef = F91B27E729FEB30400CFBA0A /* TrainingDataController.swift */; };
		F91B27EE29FEC63800CFBA0A /* scheda_antonio_a.json in Resources */ = {isa = PBXBuildFile; fileRef = F91B27ED29FEC63800CFBA0A /* scheda_antonio_a.json */; };
		F91B27F029FEC65500CFBA0A /* scheda_antonio_b.json in Resources */ = {isa = PBXBuildFile; fileRef = F91B27EF29FEC65500CFBA0A /* scheda_antonio_b.json */; };
		F91B27F229FEC66D00CFBA0A /* scheda_antonio_c.json in Resources */ = {isa = PBXBuildFile; fileRef = F91B27F129FEC66D00CFBA0A /* scheda_antonio_c.json */; };
		F91B27F429FECAA000CFBA0A /* JsonDecode.swift in Sources */ = {isa = PBXBuildFile; fileRef = F91B27F329FECAA000CFBA0A /* JsonDecode.swift */; };
		F91B27F629FECAC000CFBA0A /* NetworkPackage.swift in Sources */ = {isa = PBXBuildFile; fileRef = F91B27F529FECAC000CFBA0A /* NetworkPackage.swift */; };
		F91B27FA29FED3A300CFBA0A /* HomeView.swift in Sources */ = {isa = PBXBuildFile; fileRef = F91B27F929FED3A300CFBA0A /* HomeView.swift */; };
		F91B27FE29FED47D00CFBA0A /* TrainingCardView.swift in Sources */ = {isa = PBXBuildFile; fileRef = F91B27FD29FED47D00CFBA0A /* TrainingCardView.swift */; };
		F91B280029FED4F200CFBA0A /* TrainingView.swift in Sources */ = {isa = PBXBuildFile; fileRef = F91B27FF29FED4F200CFBA0A /* TrainingView.swift */; };
		F91B280229FED58400CFBA0A /* TrainingRowView.swift in Sources */ = {isa = PBXBuildFile; fileRef = F91B280129FED58400CFBA0A /* TrainingRowView.swift */; };
		F91B280429FED87100CFBA0A /* DiaryCardView.swift in Sources */ = {isa = PBXBuildFile; fileRef = F91B280329FED87100CFBA0A /* DiaryCardView.swift */; };
		F91B280729FED9D400CFBA0A /* RepetitionDataController.swift in Sources */ = {isa = PBXBuildFile; fileRef = F91B280629FED9D400CFBA0A /* RepetitionDataController.swift */; };
		F91B280929FEDA7600CFBA0A /* RepetitionView.swift in Sources */ = {isa = PBXBuildFile; fileRef = F91B280829FEDA7600CFBA0A /* RepetitionView.swift */; };
		F91B280B29FEDBA400CFBA0A /* ReportCardView.swift in Sources */ = {isa = PBXBuildFile; fileRef = F91B280A29FEDBA400CFBA0A /* ReportCardView.swift */; };
		F91B280E29FEDC6300CFBA0A /* RelaxButtonView.swift in Sources */ = {isa = PBXBuildFile; fileRef = F91B280D29FEDC6300CFBA0A /* RelaxButtonView.swift */; };
		F91B281029FEDC7800CFBA0A /* CounterView.swift in Sources */ = {isa = PBXBuildFile; fileRef = F91B280F29FEDC7800CFBA0A /* CounterView.swift */; };
		F91B281229FFD25F00CFBA0A /* EditRepetitionCardView.swift in Sources */ = {isa = PBXBuildFile; fileRef = F91B281129FFD25F00CFBA0A /* EditRepetitionCardView.swift */; };
		F91B28142A002C2800CFBA0A /* RepetitionCardView.swift in Sources */ = {isa = PBXBuildFile; fileRef = F91B28132A002C2800CFBA0A /* RepetitionCardView.swift */; };
		F91B28172A0304DD00CFBA0A /* MealDiaryView.swift in Sources */ = {isa = PBXBuildFile; fileRef = F91B28162A0304DD00CFBA0A /* MealDiaryView.swift */; };
		F91B28192A03050800CFBA0A /* FoodDataController.swift in Sources */ = {isa = PBXBuildFile; fileRef = F91B28182A03050800CFBA0A /* FoodDataController.swift */; };
		F91B28392A0419A300CFBA0A /* EmptyView.swift in Sources */ = {isa = PBXBuildFile; fileRef = F91B28382A0419A300CFBA0A /* EmptyView.swift */; };
		F91B283C2A0642A400CFBA0A /* FoodViewModel.swift in Sources */ = {isa = PBXBuildFile; fileRef = F91B283B2A0642A400CFBA0A /* FoodViewModel.swift */; };
		F91B283E2A065ACF00CFBA0A /* MealDiaryRowView.swift in Sources */ = {isa = PBXBuildFile; fileRef = F91B283D2A065ACF00CFBA0A /* MealDiaryRowView.swift */; };
		F9E3EF272A06B7DA00B62D03 /* MealSaveView.swift in Sources */ = {isa = PBXBuildFile; fileRef = F9E3EF262A06B7DA00B62D03 /* MealSaveView.swift */; };
		F9E3EF2B2A06BF4900B62D03 /* HealthDiaryView.swift in Sources */ = {isa = PBXBuildFile; fileRef = F9E3EF2A2A06BF4900B62D03 /* HealthDiaryView.swift */; };
		F9E3EF2D2A06BF9C00B62D03 /* HealthViewModel.swift in Sources */ = {isa = PBXBuildFile; fileRef = F9E3EF2C2A06BF9C00B62D03 /* HealthViewModel.swift */; };
		F9E3EF2F2A06C0D900B62D03 /* HealthSaveView.swift in Sources */ = {isa = PBXBuildFile; fileRef = F9E3EF2E2A06C0D900B62D03 /* HealthSaveView.swift */; };
		F9E3EF312A06C28300B62D03 /* HealthDiaryRowView.swift in Sources */ = {isa = PBXBuildFile; fileRef = F9E3EF302A06C28300B62D03 /* HealthDiaryRowView.swift */; };
		F9E3EF332A06C38700B62D03 /* HealthModel.swift in Sources */ = {isa = PBXBuildFile; fileRef = F9E3EF322A06C38700B62D03 /* HealthModel.swift */; };
		F9E3EF352A06C3BC00B62D03 /* HealthDataController.swift in Sources */ = {isa = PBXBuildFile; fileRef = F9E3EF342A06C3BC00B62D03 /* HealthDataController.swift */; };
/* End PBXBuildFile section */

/* Begin PBXFileReference section */
		F91B27C629FE8DF900CFBA0A /* MyCoach.app */ = {isa = PBXFileReference; explicitFileType = wrapper.application; includeInIndex = 0; path = MyCoach.app; sourceTree = BUILT_PRODUCTS_DIR; };
		F91B27C929FE8DF900CFBA0A /* MyCoachApp.swift */ = {isa = PBXFileReference; lastKnownFileType = sourcecode.swift; path = MyCoachApp.swift; sourceTree = "<group>"; };
		F91B27CB29FE8DF900CFBA0A /* UploadDataView.swift */ = {isa = PBXFileReference; lastKnownFileType = sourcecode.swift; path = UploadDataView.swift; sourceTree = "<group>"; };
		F91B27CD29FE8DFB00CFBA0A /* Assets.xcassets */ = {isa = PBXFileReference; lastKnownFileType = folder.assetcatalog; path = Assets.xcassets; sourceTree = "<group>"; };
		F91B27D029FE8DFB00CFBA0A /* Preview Assets.xcassets */ = {isa = PBXFileReference; lastKnownFileType = folder.assetcatalog; path = "Preview Assets.xcassets"; sourceTree = "<group>"; };
		F91B27D829FE8E4E00CFBA0A /* TrainingModel.swift */ = {isa = PBXFileReference; lastKnownFileType = sourcecode.swift; path = TrainingModel.swift; sourceTree = "<group>"; };
		F91B27DA29FEAFE800CFBA0A /* TrainingCardModel.swift */ = {isa = PBXFileReference; lastKnownFileType = sourcecode.swift; path = TrainingCardModel.swift; sourceTree = "<group>"; };
		F91B27DC29FEB02E00CFBA0A /* RepetitionModel.swift */ = {isa = PBXFileReference; lastKnownFileType = sourcecode.swift; path = RepetitionModel.swift; sourceTree = "<group>"; };
		F91B27DE29FEB04500CFBA0A /* FoodModel.swift */ = {isa = PBXFileReference; lastKnownFileType = sourcecode.swift; path = FoodModel.swift; sourceTree = "<group>"; };
		F91B27E229FEB0E600CFBA0A /* MyCoachDataModel.xcdatamodel */ = {isa = PBXFileReference; lastKnownFileType = wrapper.xcdatamodel; path = MyCoachDataModel.xcdatamodel; sourceTree = "<group>"; };
		F91B27E729FEB30400CFBA0A /* TrainingDataController.swift */ = {isa = PBXFileReference; lastKnownFileType = sourcecode.swift; path = TrainingDataController.swift; sourceTree = "<group>"; };
		F91B27ED29FEC63800CFBA0A /* scheda_antonio_a.json */ = {isa = PBXFileReference; lastKnownFileType = text.json; path = scheda_antonio_a.json; sourceTree = "<group>"; };
		F91B27EF29FEC65500CFBA0A /* scheda_antonio_b.json */ = {isa = PBXFileReference; lastKnownFileType = text.json; path = scheda_antonio_b.json; sourceTree = "<group>"; };
		F91B27F129FEC66D00CFBA0A /* scheda_antonio_c.json */ = {isa = PBXFileReference; lastKnownFileType = text.json; path = scheda_antonio_c.json; sourceTree = "<group>"; };
		F91B27F329FECAA000CFBA0A /* JsonDecode.swift */ = {isa = PBXFileReference; lastKnownFileType = sourcecode.swift; path = JsonDecode.swift; sourceTree = "<group>"; };
		F91B27F529FECAC000CFBA0A /* NetworkPackage.swift */ = {isa = PBXFileReference; lastKnownFileType = sourcecode.swift; path = NetworkPackage.swift; sourceTree = "<group>"; };
		F91B27F929FED3A300CFBA0A /* HomeView.swift */ = {isa = PBXFileReference; lastKnownFileType = sourcecode.swift; path = HomeView.swift; sourceTree = "<group>"; };
		F91B27FD29FED47D00CFBA0A /* TrainingCardView.swift */ = {isa = PBXFileReference; lastKnownFileType = sourcecode.swift; path = TrainingCardView.swift; sourceTree = "<group>"; };
		F91B27FF29FED4F200CFBA0A /* TrainingView.swift */ = {isa = PBXFileReference; lastKnownFileType = sourcecode.swift; path = TrainingView.swift; sourceTree = "<group>"; };
		F91B280129FED58400CFBA0A /* TrainingRowView.swift */ = {isa = PBXFileReference; lastKnownFileType = sourcecode.swift; path = TrainingRowView.swift; sourceTree = "<group>"; };
		F91B280329FED87100CFBA0A /* DiaryCardView.swift */ = {isa = PBXFileReference; lastKnownFileType = sourcecode.swift; path = DiaryCardView.swift; sourceTree = "<group>"; };
		F91B280629FED9D400CFBA0A /* RepetitionDataController.swift */ = {isa = PBXFileReference; lastKnownFileType = sourcecode.swift; path = RepetitionDataController.swift; sourceTree = "<group>"; };
		F91B280829FEDA7600CFBA0A /* RepetitionView.swift */ = {isa = PBXFileReference; lastKnownFileType = sourcecode.swift; path = RepetitionView.swift; sourceTree = "<group>"; };
		F91B280A29FEDBA400CFBA0A /* ReportCardView.swift */ = {isa = PBXFileReference; lastKnownFileType = sourcecode.swift; path = ReportCardView.swift; sourceTree = "<group>"; };
		F91B280D29FEDC6300CFBA0A /* RelaxButtonView.swift */ = {isa = PBXFileReference; lastKnownFileType = sourcecode.swift; path = RelaxButtonView.swift; sourceTree = "<group>"; };
		F91B280F29FEDC7800CFBA0A /* CounterView.swift */ = {isa = PBXFileReference; lastKnownFileType = sourcecode.swift; path = CounterView.swift; sourceTree = "<group>"; };
		F91B281129FFD25F00CFBA0A /* EditRepetitionCardView.swift */ = {isa = PBXFileReference; lastKnownFileType = sourcecode.swift; path = EditRepetitionCardView.swift; sourceTree = "<group>"; };
		F91B28132A002C2800CFBA0A /* RepetitionCardView.swift */ = {isa = PBXFileReference; lastKnownFileType = sourcecode.swift; path = RepetitionCardView.swift; sourceTree = "<group>"; };
		F91B28162A0304DD00CFBA0A /* MealDiaryView.swift */ = {isa = PBXFileReference; lastKnownFileType = sourcecode.swift; path = MealDiaryView.swift; sourceTree = "<group>"; };
		F91B28182A03050800CFBA0A /* FoodDataController.swift */ = {isa = PBXFileReference; lastKnownFileType = sourcecode.swift; path = FoodDataController.swift; sourceTree = "<group>"; };
		F91B28382A0419A300CFBA0A /* EmptyView.swift */ = {isa = PBXFileReference; lastKnownFileType = sourcecode.swift; path = EmptyView.swift; sourceTree = "<group>"; };
		F91B283B2A0642A400CFBA0A /* FoodViewModel.swift */ = {isa = PBXFileReference; lastKnownFileType = sourcecode.swift; path = FoodViewModel.swift; sourceTree = "<group>"; };
		F91B283D2A065ACF00CFBA0A /* MealDiaryRowView.swift */ = {isa = PBXFileReference; lastKnownFileType = sourcecode.swift; path = MealDiaryRowView.swift; sourceTree = "<group>"; };
		F9E3EF262A06B7DA00B62D03 /* MealSaveView.swift */ = {isa = PBXFileReference; lastKnownFileType = sourcecode.swift; path = MealSaveView.swift; sourceTree = "<group>"; };
		F9E3EF2A2A06BF4900B62D03 /* HealthDiaryView.swift */ = {isa = PBXFileReference; lastKnownFileType = sourcecode.swift; path = HealthDiaryView.swift; sourceTree = "<group>"; };
		F9E3EF2C2A06BF9C00B62D03 /* HealthViewModel.swift */ = {isa = PBXFileReference; lastKnownFileType = sourcecode.swift; path = HealthViewModel.swift; sourceTree = "<group>"; };
		F9E3EF2E2A06C0D900B62D03 /* HealthSaveView.swift */ = {isa = PBXFileReference; lastKnownFileType = sourcecode.swift; path = HealthSaveView.swift; sourceTree = "<group>"; };
		F9E3EF302A06C28300B62D03 /* HealthDiaryRowView.swift */ = {isa = PBXFileReference; lastKnownFileType = sourcecode.swift; path = HealthDiaryRowView.swift; sourceTree = "<group>"; };
		F9E3EF322A06C38700B62D03 /* HealthModel.swift */ = {isa = PBXFileReference; lastKnownFileType = sourcecode.swift; path = HealthModel.swift; sourceTree = "<group>"; };
		F9E3EF342A06C3BC00B62D03 /* HealthDataController.swift */ = {isa = PBXFileReference; lastKnownFileType = sourcecode.swift; path = HealthDataController.swift; sourceTree = "<group>"; };
/* End PBXFileReference section */

/* Begin PBXFrameworksBuildPhase section */
		F91B27C329FE8DF900CFBA0A /* Frameworks */ = {
			isa = PBXFrameworksBuildPhase;
			buildActionMask = 2147483647;
			files = (
			);
			runOnlyForDeploymentPostprocessing = 0;
		};
/* End PBXFrameworksBuildPhase section */

/* Begin PBXGroup section */
		F91B27BD29FE8DF900CFBA0A = {
			isa = PBXGroup;
			children = (
				F91B27C829FE8DF900CFBA0A /* MyCoach */,
				F91B27C729FE8DF900CFBA0A /* Products */,
			);
			sourceTree = "<group>";
		};
		F91B27C729FE8DF900CFBA0A /* Products */ = {
			isa = PBXGroup;
			children = (
				F91B27C629FE8DF900CFBA0A /* MyCoach.app */,
			);
			name = Products;
			sourceTree = "<group>";
		};
		F91B27C829FE8DF900CFBA0A /* MyCoach */ = {
			isa = PBXGroup;
			children = (
				F91B27C929FE8DF900CFBA0A /* MyCoachApp.swift */,
				F91B27E929FEC5F100CFBA0A /* Resources */,
				F91B27E029FEB0C000CFBA0A /* DataModel */,
				F91B27D729FE8E1B00CFBA0A /* Model */,
				F91B283A2A06428A00CFBA0A /* ViewModel */,
				F91B27F829FECF2A00CFBA0A /* View */,
				F91B27CD29FE8DFB00CFBA0A /* Assets.xcassets */,
				F91B27CF29FE8DFB00CFBA0A /* Preview Content */,
			);
			path = MyCoach;
			sourceTree = "<group>";
		};
		F91B27CF29FE8DFB00CFBA0A /* Preview Content */ = {
			isa = PBXGroup;
			children = (
				F91B27D029FE8DFB00CFBA0A /* Preview Assets.xcassets */,
			);
			path = "Preview Content";
			sourceTree = "<group>";
		};
		F91B27D729FE8E1B00CFBA0A /* Model */ = {
			isa = PBXGroup;
			children = (
				F91B27D829FE8E4E00CFBA0A /* TrainingModel.swift */,
				F91B27DA29FEAFE800CFBA0A /* TrainingCardModel.swift */,
				F91B27DC29FEB02E00CFBA0A /* RepetitionModel.swift */,
				F91B27DE29FEB04500CFBA0A /* FoodModel.swift */,
				F9E3EF322A06C38700B62D03 /* HealthModel.swift */,
			);
			path = Model;
			sourceTree = "<group>";
		};
		F91B27E029FEB0C000CFBA0A /* DataModel */ = {
			isa = PBXGroup;
			children = (
				F91B27E129FEB0E600CFBA0A /* MyCoachDataModel.xcdatamodeld */,
				F91B27E729FEB30400CFBA0A /* TrainingDataController.swift */,
				F91B280629FED9D400CFBA0A /* RepetitionDataController.swift */,
				F91B28182A03050800CFBA0A /* FoodDataController.swift */,
				F9E3EF342A06C3BC00B62D03 /* HealthDataController.swift */,
			);
			path = DataModel;
			sourceTree = "<group>";
		};
		F91B27E929FEC5F100CFBA0A /* Resources */ = {
			isa = PBXGroup;
			children = (
				F91B27F329FECAA000CFBA0A /* JsonDecode.swift */,
				F91B27F529FECAC000CFBA0A /* NetworkPackage.swift */,
				F91B27ED29FEC63800CFBA0A /* scheda_antonio_a.json */,
				F91B27EF29FEC65500CFBA0A /* scheda_antonio_b.json */,
				F91B27F129FEC66D00CFBA0A /* scheda_antonio_c.json */,
			);
			path = Resources;
			sourceTree = "<group>";
		};
		F91B27F829FECF2A00CFBA0A /* View */ = {
			isa = PBXGroup;
			children = (
				F91B27CB29FE8DF900CFBA0A /* UploadDataView.swift */,
				F91B27FC29FED46800CFBA0A /* Home */,
				F91B27FB29FED45400CFBA0A /* Training */,
				F91B28152A0303E100CFBA0A /* Diary */,
				F91B280529FED99400CFBA0A /* Repetition */,
			);
			path = View;
			sourceTree = "<group>";
		};
		F91B27FB29FED45400CFBA0A /* Training */ = {
			isa = PBXGroup;
			children = (
				F91B27FF29FED4F200CFBA0A /* TrainingView.swift */,
				F91B280129FED58400CFBA0A /* TrainingRowView.swift */,
			);
			path = Training;
			sourceTree = "<group>";
		};
		F91B27FC29FED46800CFBA0A /* Home */ = {
			isa = PBXGroup;
			children = (
				F91B27F929FED3A300CFBA0A /* HomeView.swift */,
				F91B27FD29FED47D00CFBA0A /* TrainingCardView.swift */,
				F91B280329FED87100CFBA0A /* DiaryCardView.swift */,
			);
			path = Home;
			sourceTree = "<group>";
		};
		F91B280529FED99400CFBA0A /* Repetition */ = {
			isa = PBXGroup;
			children = (
				F91B280C29FEDC5000CFBA0A /* Timer */,
				F91B280829FEDA7600CFBA0A /* RepetitionView.swift */,
				F91B280A29FEDBA400CFBA0A /* ReportCardView.swift */,
				F91B28132A002C2800CFBA0A /* RepetitionCardView.swift */,
				F91B281129FFD25F00CFBA0A /* EditRepetitionCardView.swift */,
			);
			path = Repetition;
			sourceTree = "<group>";
		};
		F91B280C29FEDC5000CFBA0A /* Timer */ = {
			isa = PBXGroup;
			children = (
				F91B280D29FEDC6300CFBA0A /* RelaxButtonView.swift */,
				F91B280F29FEDC7800CFBA0A /* CounterView.swift */,
			);
			path = Timer;
			sourceTree = "<group>";
		};
		F91B28152A0303E100CFBA0A /* Diary */ = {
			isa = PBXGroup;
			children = (
				F9E3EF282A06BF2E00B62D03 /* Meal */,
				F9E3EF292A06BF3C00B62D03 /* Health */,
				F91B28382A0419A300CFBA0A /* EmptyView.swift */,
			);
			path = Diary;
			sourceTree = "<group>";
		};
		F91B283A2A06428A00CFBA0A /* ViewModel */ = {
			isa = PBXGroup;
			children = (
				F91B283B2A0642A400CFBA0A /* FoodViewModel.swift */,
				F9E3EF2C2A06BF9C00B62D03 /* HealthViewModel.swift */,
			);
			path = ViewModel;
			sourceTree = "<group>";
		};
		F9E3EF282A06BF2E00B62D03 /* Meal */ = {
			isa = PBXGroup;
			children = (
				F91B28162A0304DD00CFBA0A /* MealDiaryView.swift */,
				F91B283D2A065ACF00CFBA0A /* MealDiaryRowView.swift */,
				F9E3EF262A06B7DA00B62D03 /* MealSaveView.swift */,
			);
			path = Meal;
			sourceTree = "<group>";
		};
		F9E3EF292A06BF3C00B62D03 /* Health */ = {
			isa = PBXGroup;
			children = (
				F9E3EF2A2A06BF4900B62D03 /* HealthDiaryView.swift */,
				F9E3EF302A06C28300B62D03 /* HealthDiaryRowView.swift */,
				F9E3EF2E2A06C0D900B62D03 /* HealthSaveView.swift */,
			);
			path = Health;
			sourceTree = "<group>";
		};
/* End PBXGroup section */

/* Begin PBXNativeTarget section */
		F91B27C529FE8DF900CFBA0A /* MyCoach */ = {
			isa = PBXNativeTarget;
			buildConfigurationList = F91B27D429FE8DFB00CFBA0A /* Build configuration list for PBXNativeTarget "MyCoach" */;
			buildPhases = (
				F91B27C229FE8DF900CFBA0A /* Sources */,
				F91B27C329FE8DF900CFBA0A /* Frameworks */,
				F91B27C429FE8DF900CFBA0A /* Resources */,
			);
			buildRules = (
			);
			dependencies = (
			);
			name = MyCoach;
			packageProductDependencies = (
			);
			productName = MyCoach;
			productReference = F91B27C629FE8DF900CFBA0A /* MyCoach.app */;
			productType = "com.apple.product-type.application";
		};
/* End PBXNativeTarget section */

/* Begin PBXProject section */
		F91B27BE29FE8DF900CFBA0A /* Project object */ = {
			isa = PBXProject;
			attributes = {
				BuildIndependentTargetsInParallel = 1;
				LastSwiftUpdateCheck = 1430;
				LastUpgradeCheck = 1430;
				TargetAttributes = {
					F91B27C529FE8DF900CFBA0A = {
						CreatedOnToolsVersion = 14.3;
					};
				};
			};
			buildConfigurationList = F91B27C129FE8DF900CFBA0A /* Build configuration list for PBXProject "MyCoach" */;
			compatibilityVersion = "Xcode 14.0";
			developmentRegion = en;
			hasScannedForEncodings = 0;
			knownRegions = (
				en,
				Base,
			);
			mainGroup = F91B27BD29FE8DF900CFBA0A;
			packageReferences = (
			);
			productRefGroup = F91B27C729FE8DF900CFBA0A /* Products */;
			projectDirPath = "";
			projectRoot = "";
			targets = (
				F91B27C529FE8DF900CFBA0A /* MyCoach */,
			);
		};
/* End PBXProject section */

/* Begin PBXResourcesBuildPhase section */
		F91B27C429FE8DF900CFBA0A /* Resources */ = {
			isa = PBXResourcesBuildPhase;
			buildActionMask = 2147483647;
			files = (
				F91B27D129FE8DFB00CFBA0A /* Preview Assets.xcassets in Resources */,
				F91B27F029FEC65500CFBA0A /* scheda_antonio_b.json in Resources */,
				F91B27EE29FEC63800CFBA0A /* scheda_antonio_a.json in Resources */,
				F91B27CE29FE8DFB00CFBA0A /* Assets.xcassets in Resources */,
				F91B27F229FEC66D00CFBA0A /* scheda_antonio_c.json in Resources */,
			);
			runOnlyForDeploymentPostprocessing = 0;
		};
/* End PBXResourcesBuildPhase section */

/* Begin PBXSourcesBuildPhase section */
		F91B27C229FE8DF900CFBA0A /* Sources */ = {
			isa = PBXSourcesBuildPhase;
			buildActionMask = 2147483647;
			files = (
				F91B281229FFD25F00CFBA0A /* EditRepetitionCardView.swift in Sources */,
				F91B28192A03050800CFBA0A /* FoodDataController.swift in Sources */,
				F91B283E2A065ACF00CFBA0A /* MealDiaryRowView.swift in Sources */,
				F91B27CC29FE8DF900CFBA0A /* UploadDataView.swift in Sources */,
				F91B27F629FECAC000CFBA0A /* NetworkPackage.swift in Sources */,
				F91B27E829FEB30400CFBA0A /* TrainingDataController.swift in Sources */,
				F9E3EF2F2A06C0D900B62D03 /* HealthSaveView.swift in Sources */,
				F91B283C2A0642A400CFBA0A /* FoodViewModel.swift in Sources */,
				F9E3EF272A06B7DA00B62D03 /* MealSaveView.swift in Sources */,
				F91B280229FED58400CFBA0A /* TrainingRowView.swift in Sources */,
				F91B27DD29FEB02E00CFBA0A /* RepetitionModel.swift in Sources */,
				F91B27E329FEB0E600CFBA0A /* MyCoachDataModel.xcdatamodeld in Sources */,
				F91B27FA29FED3A300CFBA0A /* HomeView.swift in Sources */,
				F91B28392A0419A300CFBA0A /* EmptyView.swift in Sources */,
				F91B27F429FECAA000CFBA0A /* JsonDecode.swift in Sources */,
				F91B280E29FEDC6300CFBA0A /* RelaxButtonView.swift in Sources */,
				F9E3EF332A06C38700B62D03 /* HealthModel.swift in Sources */,
				F9E3EF2B2A06BF4900B62D03 /* HealthDiaryView.swift in Sources */,
				F91B27DB29FEAFE800CFBA0A /* TrainingCardModel.swift in Sources */,
				F91B280029FED4F200CFBA0A /* TrainingView.swift in Sources */,
				F91B280729FED9D400CFBA0A /* RepetitionDataController.swift in Sources */,
				F91B27DF29FEB04500CFBA0A /* FoodModel.swift in Sources */,
				F9E3EF312A06C28300B62D03 /* HealthDiaryRowView.swift in Sources */,
				F91B28172A0304DD00CFBA0A /* MealDiaryView.swift in Sources */,
				F91B280B29FEDBA400CFBA0A /* ReportCardView.swift in Sources */,
				F91B27D929FE8E4E00CFBA0A /* TrainingModel.swift in Sources */,
				F91B280429FED87100CFBA0A /* DiaryCardView.swift in Sources */,
				F91B28142A002C2800CFBA0A /* RepetitionCardView.swift in Sources */,
				F91B27FE29FED47D00CFBA0A /* TrainingCardView.swift in Sources */,
				F91B280929FEDA7600CFBA0A /* RepetitionView.swift in Sources */,
				F91B27CA29FE8DF900CFBA0A /* MyCoachApp.swift in Sources */,
				F9E3EF2D2A06BF9C00B62D03 /* HealthViewModel.swift in Sources */,
				F91B281029FEDC7800CFBA0A /* CounterView.swift in Sources */,
				F9E3EF352A06C3BC00B62D03 /* HealthDataController.swift in Sources */,
			);
			runOnlyForDeploymentPostprocessing = 0;
		};
/* End PBXSourcesBuildPhase section */

/* Begin XCBuildConfiguration section */
		F91B27D229FE8DFB00CFBA0A /* Debug */ = {
			isa = XCBuildConfiguration;
			buildSettings = {
				ALWAYS_SEARCH_USER_PATHS = NO;
				CLANG_ANALYZER_NONNULL = YES;
				CLANG_ANALYZER_NUMBER_OBJECT_CONVERSION = YES_AGGRESSIVE;
				CLANG_CXX_LANGUAGE_STANDARD = "gnu++20";
				CLANG_ENABLE_MODULES = YES;
				CLANG_ENABLE_OBJC_ARC = YES;
				CLANG_ENABLE_OBJC_WEAK = YES;
				CLANG_WARN_BLOCK_CAPTURE_AUTORELEASING = YES;
				CLANG_WARN_BOOL_CONVERSION = YES;
				CLANG_WARN_COMMA = YES;
				CLANG_WARN_CONSTANT_CONVERSION = YES;
				CLANG_WARN_DEPRECATED_OBJC_IMPLEMENTATIONS = YES;
				CLANG_WARN_DIRECT_OBJC_ISA_USAGE = YES_ERROR;
				CLANG_WARN_DOCUMENTATION_COMMENTS = YES;
				CLANG_WARN_EMPTY_BODY = YES;
				CLANG_WARN_ENUM_CONVERSION = YES;
				CLANG_WARN_INFINITE_RECURSION = YES;
				CLANG_WARN_INT_CONVERSION = YES;
				CLANG_WARN_NON_LITERAL_NULL_CONVERSION = YES;
				CLANG_WARN_OBJC_IMPLICIT_RETAIN_SELF = YES;
				CLANG_WARN_OBJC_LITERAL_CONVERSION = YES;
				CLANG_WARN_OBJC_ROOT_CLASS = YES_ERROR;
				CLANG_WARN_QUOTED_INCLUDE_IN_FRAMEWORK_HEADER = YES;
				CLANG_WARN_RANGE_LOOP_ANALYSIS = YES;
				CLANG_WARN_STRICT_PROTOTYPES = YES;
				CLANG_WARN_SUSPICIOUS_MOVE = YES;
				CLANG_WARN_UNGUARDED_AVAILABILITY = YES_AGGRESSIVE;
				CLANG_WARN_UNREACHABLE_CODE = YES;
				CLANG_WARN__DUPLICATE_METHOD_MATCH = YES;
				COPY_PHASE_STRIP = NO;
				DEBUG_INFORMATION_FORMAT = dwarf;
				ENABLE_STRICT_OBJC_MSGSEND = YES;
				ENABLE_TESTABILITY = YES;
				GCC_C_LANGUAGE_STANDARD = gnu11;
				GCC_DYNAMIC_NO_PIC = NO;
				GCC_NO_COMMON_BLOCKS = YES;
				GCC_OPTIMIZATION_LEVEL = 0;
				GCC_PREPROCESSOR_DEFINITIONS = (
					"DEBUG=1",
					"$(inherited)",
				);
				GCC_WARN_64_TO_32_BIT_CONVERSION = YES;
				GCC_WARN_ABOUT_RETURN_TYPE = YES_ERROR;
				GCC_WARN_UNDECLARED_SELECTOR = YES;
				GCC_WARN_UNINITIALIZED_AUTOS = YES_AGGRESSIVE;
				GCC_WARN_UNUSED_FUNCTION = YES;
				GCC_WARN_UNUSED_VARIABLE = YES;
				IPHONEOS_DEPLOYMENT_TARGET = 16.4;
				MTL_ENABLE_DEBUG_INFO = INCLUDE_SOURCE;
				MTL_FAST_MATH = YES;
				ONLY_ACTIVE_ARCH = YES;
				SDKROOT = iphoneos;
				SWIFT_ACTIVE_COMPILATION_CONDITIONS = DEBUG;
				SWIFT_OPTIMIZATION_LEVEL = "-Onone";
			};
			name = Debug;
		};
		F91B27D329FE8DFB00CFBA0A /* Release */ = {
			isa = XCBuildConfiguration;
			buildSettings = {
				ALWAYS_SEARCH_USER_PATHS = NO;
				CLANG_ANALYZER_NONNULL = YES;
				CLANG_ANALYZER_NUMBER_OBJECT_CONVERSION = YES_AGGRESSIVE;
				CLANG_CXX_LANGUAGE_STANDARD = "gnu++20";
				CLANG_ENABLE_MODULES = YES;
				CLANG_ENABLE_OBJC_ARC = YES;
				CLANG_ENABLE_OBJC_WEAK = YES;
				CLANG_WARN_BLOCK_CAPTURE_AUTORELEASING = YES;
				CLANG_WARN_BOOL_CONVERSION = YES;
				CLANG_WARN_COMMA = YES;
				CLANG_WARN_CONSTANT_CONVERSION = YES;
				CLANG_WARN_DEPRECATED_OBJC_IMPLEMENTATIONS = YES;
				CLANG_WARN_DIRECT_OBJC_ISA_USAGE = YES_ERROR;
				CLANG_WARN_DOCUMENTATION_COMMENTS = YES;
				CLANG_WARN_EMPTY_BODY = YES;
				CLANG_WARN_ENUM_CONVERSION = YES;
				CLANG_WARN_INFINITE_RECURSION = YES;
				CLANG_WARN_INT_CONVERSION = YES;
				CLANG_WARN_NON_LITERAL_NULL_CONVERSION = YES;
				CLANG_WARN_OBJC_IMPLICIT_RETAIN_SELF = YES;
				CLANG_WARN_OBJC_LITERAL_CONVERSION = YES;
				CLANG_WARN_OBJC_ROOT_CLASS = YES_ERROR;
				CLANG_WARN_QUOTED_INCLUDE_IN_FRAMEWORK_HEADER = YES;
				CLANG_WARN_RANGE_LOOP_ANALYSIS = YES;
				CLANG_WARN_STRICT_PROTOTYPES = YES;
				CLANG_WARN_SUSPICIOUS_MOVE = YES;
				CLANG_WARN_UNGUARDED_AVAILABILITY = YES_AGGRESSIVE;
				CLANG_WARN_UNREACHABLE_CODE = YES;
				CLANG_WARN__DUPLICATE_METHOD_MATCH = YES;
				COPY_PHASE_STRIP = NO;
				DEBUG_INFORMATION_FORMAT = "dwarf-with-dsym";
				ENABLE_NS_ASSERTIONS = NO;
				ENABLE_STRICT_OBJC_MSGSEND = YES;
				GCC_C_LANGUAGE_STANDARD = gnu11;
				GCC_NO_COMMON_BLOCKS = YES;
				GCC_WARN_64_TO_32_BIT_CONVERSION = YES;
				GCC_WARN_ABOUT_RETURN_TYPE = YES_ERROR;
				GCC_WARN_UNDECLARED_SELECTOR = YES;
				GCC_WARN_UNINITIALIZED_AUTOS = YES_AGGRESSIVE;
				GCC_WARN_UNUSED_FUNCTION = YES;
				GCC_WARN_UNUSED_VARIABLE = YES;
				IPHONEOS_DEPLOYMENT_TARGET = 16.4;
				MTL_ENABLE_DEBUG_INFO = NO;
				MTL_FAST_MATH = YES;
				SDKROOT = iphoneos;
				SWIFT_COMPILATION_MODE = wholemodule;
				SWIFT_OPTIMIZATION_LEVEL = "-O";
				VALIDATE_PRODUCT = YES;
			};
			name = Release;
		};
		F91B27D529FE8DFB00CFBA0A /* Debug */ = {
			isa = XCBuildConfiguration;
			buildSettings = {
				ASSETCATALOG_COMPILER_APPICON_NAME = AppIcon;
				ASSETCATALOG_COMPILER_GLOBAL_ACCENT_COLOR_NAME = AccentColor;
				CODE_SIGN_STYLE = Automatic;
				CURRENT_PROJECT_VERSION = 1;
				DEVELOPMENT_ASSET_PATHS = "\"MyCoach/Preview Content\"";
				DEVELOPMENT_TEAM = 2DMW5G3LV8;
				ENABLE_PREVIEWS = YES;
				GENERATE_INFOPLIST_FILE = YES;
				INFOPLIST_KEY_UIApplicationSceneManifest_Generation = YES;
				INFOPLIST_KEY_UIApplicationSupportsIndirectInputEvents = YES;
				INFOPLIST_KEY_UILaunchScreen_Generation = YES;
				INFOPLIST_KEY_UISupportedInterfaceOrientations_iPad = "UIInterfaceOrientationPortrait UIInterfaceOrientationPortraitUpsideDown UIInterfaceOrientationLandscapeLeft UIInterfaceOrientationLandscapeRight";
				INFOPLIST_KEY_UISupportedInterfaceOrientations_iPhone = "UIInterfaceOrientationPortrait UIInterfaceOrientationLandscapeLeft UIInterfaceOrientationLandscapeRight";
				LD_RUNPATH_SEARCH_PATHS = (
					"$(inherited)",
					"@executable_path/Frameworks",
				);
				MARKETING_VERSION = 1.0;
				PRODUCT_BUNDLE_IDENTIFIER = com.spritelab.MyCoach;
				PRODUCT_NAME = "$(TARGET_NAME)";
				SWIFT_EMIT_LOC_STRINGS = YES;
				SWIFT_VERSION = 5.0;
				TARGETED_DEVICE_FAMILY = "1,2";
			};
			name = Debug;
		};
		F91B27D629FE8DFB00CFBA0A /* Release */ = {
			isa = XCBuildConfiguration;
			buildSettings = {
				ASSETCATALOG_COMPILER_APPICON_NAME = AppIcon;
				ASSETCATALOG_COMPILER_GLOBAL_ACCENT_COLOR_NAME = AccentColor;
				CODE_SIGN_STYLE = Automatic;
				CURRENT_PROJECT_VERSION = 1;
				DEVELOPMENT_ASSET_PATHS = "\"MyCoach/Preview Content\"";
				DEVELOPMENT_TEAM = 2DMW5G3LV8;
				ENABLE_PREVIEWS = YES;
				GENERATE_INFOPLIST_FILE = YES;
				INFOPLIST_KEY_UIApplicationSceneManifest_Generation = YES;
				INFOPLIST_KEY_UIApplicationSupportsIndirectInputEvents = YES;
				INFOPLIST_KEY_UILaunchScreen_Generation = YES;
				INFOPLIST_KEY_UISupportedInterfaceOrientations_iPad = "UIInterfaceOrientationPortrait UIInterfaceOrientationPortraitUpsideDown UIInterfaceOrientationLandscapeLeft UIInterfaceOrientationLandscapeRight";
				INFOPLIST_KEY_UISupportedInterfaceOrientations_iPhone = "UIInterfaceOrientationPortrait UIInterfaceOrientationLandscapeLeft UIInterfaceOrientationLandscapeRight";
				LD_RUNPATH_SEARCH_PATHS = (
					"$(inherited)",
					"@executable_path/Frameworks",
				);
				MARKETING_VERSION = 1.0;
				PRODUCT_BUNDLE_IDENTIFIER = com.spritelab.MyCoach;
				PRODUCT_NAME = "$(TARGET_NAME)";
				SWIFT_EMIT_LOC_STRINGS = YES;
				SWIFT_VERSION = 5.0;
				TARGETED_DEVICE_FAMILY = "1,2";
			};
			name = Release;
		};
/* End XCBuildConfiguration section */

/* Begin XCConfigurationList section */
		F91B27C129FE8DF900CFBA0A /* Build configuration list for PBXProject "MyCoach" */ = {
			isa = XCConfigurationList;
			buildConfigurations = (
				F91B27D229FE8DFB00CFBA0A /* Debug */,
				F91B27D329FE8DFB00CFBA0A /* Release */,
			);
			defaultConfigurationIsVisible = 0;
			defaultConfigurationName = Release;
		};
		F91B27D429FE8DFB00CFBA0A /* Build configuration list for PBXNativeTarget "MyCoach" */ = {
			isa = XCConfigurationList;
			buildConfigurations = (
				F91B27D529FE8DFB00CFBA0A /* Debug */,
				F91B27D629FE8DFB00CFBA0A /* Release */,
			);
			defaultConfigurationIsVisible = 0;
			defaultConfigurationName = Release;
		};
/* End XCConfigurationList section */

/* Begin XCVersionGroup section */
		F91B27E129FEB0E600CFBA0A /* MyCoachDataModel.xcdatamodeld */ = {
			isa = XCVersionGroup;
			children = (
				F91B27E229FEB0E600CFBA0A /* MyCoachDataModel.xcdatamodel */,
			);
			currentVersion = F91B27E229FEB0E600CFBA0A /* MyCoachDataModel.xcdatamodel */;
			path = MyCoachDataModel.xcdatamodeld;
			sourceTree = "<group>";
			versionGroupType = wrapper.xcdatamodel;
		};
/* End XCVersionGroup section */
	};
	rootObject = F91B27BE29FE8DF900CFBA0A /* Project object */;
}
